
Microsoft Visual Studio Solution File, Format Version 12.00
# Visual Studio Version 17
VisualStudioVersion = 17.7.34031.279
MinimumVisualStudioVersion = 10.0.40219.1
Project("{FAE04EC0-301F-11D3-BF4B-00C04F79EFBC}") = "WpfApp1", "WpfApp1\WpfApp1.csproj", "{7EDB341C-FFE4-48B0-9F5A-F06C85CD9B7E}"
EndProject
Global
	GlobalSection(SolutionConfigurationPlatforms) = preSolution
		Debug|Any CPU = Debug|Any CPU
		Release|Any CPU = Release|Any CPU
	EndGlobalSection
	GlobalSection(ProjectConfigurationPlatforms) = postSolution
		{7EDB341C-FFE4-48B0-9F5A-F06C85CD9B7E}.Debug|Any CPU.ActiveCfg = Debug|Any CPU
		{7EDB341C-FFE4-48B0-9F5A-F06C85CD9B7E}.Debug|Any CPU.Build.0 = Debug|Any CPU
		{7EDB341C-FFE4-48B0-9F5A-F06C85CD9B7E}.Release|Any CPU.ActiveCfg = Release|Any CPU
		{7EDB341C-FFE4-48B0-9F5A-F06C85CD9B7E}.Release|Any CPU.Build.0 = Release|Any CPU
	EndGlobalSection
	GlobalSection(SolutionProperties) = preSolution
		HideSolutionNode = FALSE
	EndGlobalSection
	GlobalSection(ExtensibilityGlobals) = postSolution
		SolutionGuid = {D1173B69-BB0F-4227-8117-136372A8DD48}
	EndGlobalSection
EndGlobal
